// !$*UTF8*$!
{
	archiveVersion = 1;
	classes = {
	};
	objectVersion = 46;
	objects = {

/* Begin PBXBuildFile section */
		12D9F8081D36A4DB00503CEE /* GroupTableViewCell.swift in Sources */ = {isa = PBXBuildFile; fileRef = 12D9F8071D36A4DB00503CEE /* GroupTableViewCell.swift */; };
		12D9F80A1D36A5B300503CEE /* GroupTableViewController.swift in Sources */ = {isa = PBXBuildFile; fileRef = 12D9F8091D36A5B300503CEE /* GroupTableViewController.swift */; };
		12FAC6E21D39370E007C8AD1 /* utils.swift in Sources */ = {isa = PBXBuildFile; fileRef = 12FAC6E11D39370E007C8AD1 /* utils.swift */; };
		12FAC6E41D3BA9FD007C8AD1 /* AutocompleteTextfieldSwift in Resources */ = {isa = PBXBuildFile; fileRef = 12FAC6E31D3BA9FD007C8AD1 /* AutocompleteTextfieldSwift */; };
		12FAC6E61D3BB9E9007C8AD1 /* AddGroupMembersTableViewController.swift in Sources */ = {isa = PBXBuildFile; fileRef = 12FAC6E51D3BB9E9007C8AD1 /* AddGroupMembersTableViewController.swift */; };
		12FAC6E81D3BCC6C007C8AD1 /* AddGroupMembersTableViewCell.swift in Sources */ = {isa = PBXBuildFile; fileRef = 12FAC6E71D3BCC6C007C8AD1 /* AddGroupMembersTableViewCell.swift */; };
		145136AF1D328BC300CD786F /* MakeGroupOneViewController.swift in Sources */ = {isa = PBXBuildFile; fileRef = 145136AE1D328BC300CD786F /* MakeGroupOneViewController.swift */; };
		145136B11D33964D00CD786F /* Group.swift in Sources */ = {isa = PBXBuildFile; fileRef = 145136B01D33964D00CD786F /* Group.swift */; };
		145136B31D33AD8600CD786F /* AddMembsViewController.swift in Sources */ = {isa = PBXBuildFile; fileRef = 145136B21D33AD8600CD786F /* AddMembsViewController.swift */; };
		145136B91D34191D00CD786F /* GoogleService-Info.plist in Resources */ = {isa = PBXBuildFile; fileRef = 145136B81D34191D00CD786F /* GoogleService-Info.plist */; };
		145136C11D352BCF00CD786F /* PicStreamCollectionViewController.swift in Sources */ = {isa = PBXBuildFile; fileRef = 145136C01D352BCF00CD786F /* PicStreamCollectionViewController.swift */; };
		145136C31D35503300CD786F /* ImageCollectionViewCell.swift in Sources */ = {isa = PBXBuildFile; fileRef = 145136C21D35503300CD786F /* ImageCollectionViewCell.swift */; };
		14924CAA1D319C2500E42676 /* AppDelegate.swift in Sources */ = {isa = PBXBuildFile; fileRef = 14924CA91D319C2500E42676 /* AppDelegate.swift */; };
		14924CAC1D319C2500E42676 /* ViewController.swift in Sources */ = {isa = PBXBuildFile; fileRef = 14924CAB1D319C2500E42676 /* ViewController.swift */; };
		14924CAF1D319C2500E42676 /* Main.storyboard in Resources */ = {isa = PBXBuildFile; fileRef = 14924CAD1D319C2500E42676 /* Main.storyboard */; };
		14924CB11D319C2500E42676 /* Assets.xcassets in Resources */ = {isa = PBXBuildFile; fileRef = 14924CB01D319C2500E42676 /* Assets.xcassets */; };
		14924CB41D319C2500E42676 /* LaunchScreen.storyboard in Resources */ = {isa = PBXBuildFile; fileRef = 14924CB21D319C2500E42676 /* LaunchScreen.storyboard */; };
		14924CBF1D319C2500E42676 /* photopizzaTests.swift in Sources */ = {isa = PBXBuildFile; fileRef = 14924CBE1D319C2500E42676 /* photopizzaTests.swift */; };
		14AD39651D380BA200ECC9BE /* User.swift in Sources */ = {isa = PBXBuildFile; fileRef = 14AD39641D380BA200ECC9BE /* User.swift */; };
		8329B439B7856C45FAA04710 /* Pods_vuepalTests.framework in Frameworks */ = {isa = PBXBuildFile; fileRef = AB7BCB5ECBC9FA8A04B040FF /* Pods_vuepalTests.framework */; };
		F0484557D3AEA74609AE0E5F /* Pods_vuepal.framework in Frameworks */ = {isa = PBXBuildFile; fileRef = 6B3EF8B9632471B8437EE37D /* Pods_vuepal.framework */; };
/* End PBXBuildFile section */

/* Begin PBXContainerItemProxy section */
		14924CBB1D319C2500E42676 /* PBXContainerItemProxy */ = {
			isa = PBXContainerItemProxy;
			containerPortal = 14924C9E1D319C2500E42676 /* Project object */;
			proxyType = 1;
			remoteGlobalIDString = 14924CA51D319C2500E42676;
			remoteInfo = photopizza;
		};
/* End PBXContainerItemProxy section */

/* Begin PBXFileReference section */
		12D9F8071D36A4DB00503CEE /* GroupTableViewCell.swift */ = {isa = PBXFileReference; fileEncoding = 4; lastKnownFileType = sourcecode.swift; name = GroupTableViewCell.swift; path = PhotoPizza/GroupTableViewCell.swift; sourceTree = SOURCE_ROOT; };
		12D9F8091D36A5B300503CEE /* GroupTableViewController.swift */ = {isa = PBXFileReference; fileEncoding = 4; lastKnownFileType = sourcecode.swift; name = GroupTableViewController.swift; path = PhotoPizza/GroupTableViewController.swift; sourceTree = SOURCE_ROOT; };
		12FAC6E11D39370E007C8AD1 /* utils.swift */ = {isa = PBXFileReference; fileEncoding = 4; lastKnownFileType = sourcecode.swift; path = utils.swift; sourceTree = "<group>"; };
		12FAC6E31D3BA9FD007C8AD1 /* AutocompleteTextfieldSwift */ = {isa = PBXFileReference; lastKnownFileType = folder; name = AutocompleteTextfieldSwift; path = ../AutocompleteTextfieldSwift; sourceTree = "<group>"; };
		12FAC6E51D3BB9E9007C8AD1 /* AddGroupMembersTableViewController.swift */ = {isa = PBXFileReference; fileEncoding = 4; lastKnownFileType = sourcecode.swift; name = AddGroupMembersTableViewController.swift; path = PhotoPizza/AddGroupMembersTableViewController.swift; sourceTree = SOURCE_ROOT; };
		12FAC6E71D3BCC6C007C8AD1 /* AddGroupMembersTableViewCell.swift */ = {isa = PBXFileReference; fileEncoding = 4; lastKnownFileType = sourcecode.swift; name = AddGroupMembersTableViewCell.swift; path = PhotoPizza/AddGroupMembersTableViewCell.swift; sourceTree = SOURCE_ROOT; };
		143F537D1D35AC4B00B1FEAA /* photopizza-Bridging-Header.h */ = {isa = PBXFileReference; lastKnownFileType = sourcecode.c.h; path = "photopizza-Bridging-Header.h"; sourceTree = "<group>"; };
		145136AE1D328BC300CD786F /* MakeGroupOneViewController.swift */ = {isa = PBXFileReference; fileEncoding = 4; lastKnownFileType = sourcecode.swift; name = MakeGroupOneViewController.swift; path = ../MakeGroupOneViewController.swift; sourceTree = "<group>"; };
		145136B01D33964D00CD786F /* Group.swift */ = {isa = PBXFileReference; fileEncoding = 4; lastKnownFileType = sourcecode.swift; path = Group.swift; sourceTree = "<group>"; };
		145136B21D33AD8600CD786F /* AddMembsViewController.swift */ = {isa = PBXFileReference; fileEncoding = 4; lastKnownFileType = sourcecode.swift; path = AddMembsViewController.swift; sourceTree = "<group>"; };
		145136B81D34191D00CD786F /* GoogleService-Info.plist */ = {isa = PBXFileReference; fileEncoding = 4; lastKnownFileType = text.plist.xml; path = "GoogleService-Info.plist"; sourceTree = "<group>"; };
		145136C01D352BCF00CD786F /* PicStreamCollectionViewController.swift */ = {isa = PBXFileReference; fileEncoding = 4; lastKnownFileType = sourcecode.swift; path = PicStreamCollectionViewController.swift; sourceTree = "<group>"; };
		145136C21D35503300CD786F /* ImageCollectionViewCell.swift */ = {isa = PBXFileReference; fileEncoding = 4; lastKnownFileType = sourcecode.swift; path = ImageCollectionViewCell.swift; sourceTree = "<group>"; };
		14924CA61D319C2500E42676 /* vuepal.app */ = {isa = PBXFileReference; explicitFileType = wrapper.application; includeInIndex = 0; path = vuepal.app; sourceTree = BUILT_PRODUCTS_DIR; };
		14924CA91D319C2500E42676 /* AppDelegate.swift */ = {isa = PBXFileReference; lastKnownFileType = sourcecode.swift; path = AppDelegate.swift; sourceTree = "<group>"; };
		14924CAB1D319C2500E42676 /* ViewController.swift */ = {isa = PBXFileReference; lastKnownFileType = sourcecode.swift; path = ViewController.swift; sourceTree = "<group>"; };
		14924CAE1D319C2500E42676 /* Base */ = {isa = PBXFileReference; lastKnownFileType = file.storyboard; name = Base; path = Base.lproj/Main.storyboard; sourceTree = "<group>"; };
		14924CB01D319C2500E42676 /* Assets.xcassets */ = {isa = PBXFileReference; lastKnownFileType = folder.assetcatalog; path = Assets.xcassets; sourceTree = "<group>"; };
		14924CB31D319C2500E42676 /* Base */ = {isa = PBXFileReference; lastKnownFileType = file.storyboard; name = Base; path = Base.lproj/LaunchScreen.storyboard; sourceTree = "<group>"; };
		14924CB51D319C2500E42676 /* Info.plist */ = {isa = PBXFileReference; lastKnownFileType = text.plist.xml; path = Info.plist; sourceTree = "<group>"; };
		14924CBA1D319C2500E42676 /* vuepal.xctest */ = {isa = PBXFileReference; explicitFileType = wrapper.cfbundle; includeInIndex = 0; path = vuepal.xctest; sourceTree = BUILT_PRODUCTS_DIR; };
		14924CBE1D319C2500E42676 /* photopizzaTests.swift */ = {isa = PBXFileReference; lastKnownFileType = sourcecode.swift; path = photopizzaTests.swift; sourceTree = "<group>"; };
		14924CC01D319C2500E42676 /* Info.plist */ = {isa = PBXFileReference; lastKnownFileType = text.plist.xml; path = Info.plist; sourceTree = "<group>"; };
		14AD39641D380BA200ECC9BE /* User.swift */ = {isa = PBXFileReference; fileEncoding = 4; lastKnownFileType = sourcecode.swift; path = User.swift; sourceTree = "<group>"; };
		6B3EF8B9632471B8437EE37D /* Pods_vuepal.framework */ = {isa = PBXFileReference; explicitFileType = wrapper.framework; includeInIndex = 0; path = Pods_vuepal.framework; sourceTree = BUILT_PRODUCTS_DIR; };
		AB7BCB5ECBC9FA8A04B040FF /* Pods_vuepalTests.framework */ = {isa = PBXFileReference; explicitFileType = wrapper.framework; includeInIndex = 0; path = Pods_vuepalTests.framework; sourceTree = BUILT_PRODUCTS_DIR; };
		BBC70CB21B0541B8866D47F1 /* Pods-vuepal.release.xcconfig */ = {isa = PBXFileReference; includeInIndex = 1; lastKnownFileType = text.xcconfig; name = "Pods-vuepal.release.xcconfig"; path = "Pods/Target Support Files/Pods-vuepal/Pods-vuepal.release.xcconfig"; sourceTree = "<group>"; };
		BE472D8F13D87588878C5992 /* Pods-vuepal.debug.xcconfig */ = {isa = PBXFileReference; includeInIndex = 1; lastKnownFileType = text.xcconfig; name = "Pods-vuepal.debug.xcconfig"; path = "Pods/Target Support Files/Pods-vuepal/Pods-vuepal.debug.xcconfig"; sourceTree = "<group>"; };
		C1EE42B1ACD01DF20C7FF57C /* Pods-vuepalTests.debug.xcconfig */ = {isa = PBXFileReference; includeInIndex = 1; lastKnownFileType = text.xcconfig; name = "Pods-vuepalTests.debug.xcconfig"; path = "Pods/Target Support Files/Pods-vuepalTests/Pods-vuepalTests.debug.xcconfig"; sourceTree = "<group>"; };
		E8988D4D4D2B05AF9D804012 /* Pods-vuepalTests.release.xcconfig */ = {isa = PBXFileReference; includeInIndex = 1; lastKnownFileType = text.xcconfig; name = "Pods-vuepalTests.release.xcconfig"; path = "Pods/Target Support Files/Pods-vuepalTests/Pods-vuepalTests.release.xcconfig"; sourceTree = "<group>"; };
/* End PBXFileReference section */

/* Begin PBXFrameworksBuildPhase section */
		14924CA31D319C2500E42676 /* Frameworks */ = {
			isa = PBXFrameworksBuildPhase;
			buildActionMask = 2147483647;
			files = (
				F0484557D3AEA74609AE0E5F /* Pods_vuepal.framework in Frameworks */,
			);
			runOnlyForDeploymentPostprocessing = 0;
		};
		14924CB71D319C2500E42676 /* Frameworks */ = {
			isa = PBXFrameworksBuildPhase;
			buildActionMask = 2147483647;
			files = (
				8329B439B7856C45FAA04710 /* Pods_vuepalTests.framework in Frameworks */,
			);
			runOnlyForDeploymentPostprocessing = 0;
		};
/* End PBXFrameworksBuildPhase section */

/* Begin PBXGroup section */
		1412E62D1D31A074005454EB /* Frameworks */ = {
			isa = PBXGroup;
			children = (
				6B3EF8B9632471B8437EE37D /* Pods_vuepal.framework */,
				AB7BCB5ECBC9FA8A04B040FF /* Pods_vuepalTests.framework */,
			);
			name = Frameworks;
			sourceTree = "<group>";
		};
		14924C9D1D319C2500E42676 = {
			isa = PBXGroup;
			children = (
				14924CA81D319C2500E42676 /* vuepal */,
				14924CBD1D319C2500E42676 /* vuepalTests */,
				14924CA71D319C2500E42676 /* Products */,
				1412E62D1D31A074005454EB /* Frameworks */,
				5786CA18C74BFCAD548E1049 /* Pods */,
			);
			sourceTree = "<group>";
		};
		14924CA71D319C2500E42676 /* Products */ = {
			isa = PBXGroup;
			children = (
				14924CA61D319C2500E42676 /* vuepal.app */,
				14924CBA1D319C2500E42676 /* vuepal.xctest */,
			);
			name = Products;
			sourceTree = "<group>";
		};
		14924CA81D319C2500E42676 /* vuepal */ = {
			isa = PBXGroup;
			children = (
				12FAC6E31D3BA9FD007C8AD1 /* AutocompleteTextfieldSwift */,
				145136C01D352BCF00CD786F /* PicStreamCollectionViewController.swift */,
				12FAC6E11D39370E007C8AD1 /* utils.swift */,
				145136B81D34191D00CD786F /* GoogleService-Info.plist */,
				145136AE1D328BC300CD786F /* MakeGroupOneViewController.swift */,
				14924CAB1D319C2500E42676 /* ViewController.swift */,
				14924CA91D319C2500E42676 /* AppDelegate.swift */,
				14924CAD1D319C2500E42676 /* Main.storyboard */,
				12D9F8091D36A5B300503CEE /* GroupTableViewController.swift */,
				12FAC6E71D3BCC6C007C8AD1 /* AddGroupMembersTableViewCell.swift */,
				12D9F8071D36A4DB00503CEE /* GroupTableViewCell.swift */,
				145136C21D35503300CD786F /* ImageCollectionViewCell.swift */,
				145136B21D33AD8600CD786F /* AddMembsViewController.swift */,
				145136B01D33964D00CD786F /* Group.swift */,
				14AD39641D380BA200ECC9BE /* User.swift */,
				14924CB01D319C2500E42676 /* Assets.xcassets */,
				14924CB21D319C2500E42676 /* LaunchScreen.storyboard */,
				14924CB51D319C2500E42676 /* Info.plist */,
				143F537D1D35AC4B00B1FEAA /* photopizza-Bridging-Header.h */,
				12FAC6E51D3BB9E9007C8AD1 /* AddGroupMembersTableViewController.swift */,
			);
			name = vuepal;
			path = photopizza;
			sourceTree = "<group>";
		};
		14924CBD1D319C2500E42676 /* vuepalTests */ = {
			isa = PBXGroup;
			children = (
				14924CBE1D319C2500E42676 /* photopizzaTests.swift */,
				14924CC01D319C2500E42676 /* Info.plist */,
			);
			name = vuepalTests;
			path = photopizzaTests;
			sourceTree = "<group>";
		};
		5786CA18C74BFCAD548E1049 /* Pods */ = {
			isa = PBXGroup;
			children = (
				BE472D8F13D87588878C5992 /* Pods-vuepal.debug.xcconfig */,
				BBC70CB21B0541B8866D47F1 /* Pods-vuepal.release.xcconfig */,
				C1EE42B1ACD01DF20C7FF57C /* Pods-vuepalTests.debug.xcconfig */,
				E8988D4D4D2B05AF9D804012 /* Pods-vuepalTests.release.xcconfig */,
			);
			name = Pods;
			sourceTree = "<group>";
		};
/* End PBXGroup section */

/* Begin PBXNativeTarget section */
		14924CA51D319C2500E42676 /* vuepal */ = {
			isa = PBXNativeTarget;
			buildConfigurationList = 14924CC31D319C2500E42676 /* Build configuration list for PBXNativeTarget "vuepal" */;
			buildPhases = (
				F028A983360AC2295DDDC5E1 /* [CP] Check Pods Manifest.lock */,
				14924CA21D319C2500E42676 /* Sources */,
				14924CA31D319C2500E42676 /* Frameworks */,
				14924CA41D319C2500E42676 /* Resources */,
				1EAB7D26566FD9DE6F0E7F3C /* [CP] Embed Pods Frameworks */,
				4F1F4CD3726751099A08670C /* [CP] Copy Pods Resources */,
			);
			buildRules = (
			);
			dependencies = (
			);
			name = vuepal;
			productName = photopizza;
			productReference = 14924CA61D319C2500E42676 /* vuepal.app */;
			productType = "com.apple.product-type.application";
		};
		14924CB91D319C2500E42676 /* vuepalTests */ = {
			isa = PBXNativeTarget;
			buildConfigurationList = 14924CC61D319C2500E42676 /* Build configuration list for PBXNativeTarget "vuepalTests" */;
			buildPhases = (
				4836A79ED2C87D03ABFE601A /* [CP] Check Pods Manifest.lock */,
				14924CB61D319C2500E42676 /* Sources */,
				14924CB71D319C2500E42676 /* Frameworks */,
				14924CB81D319C2500E42676 /* Resources */,
				781A3E5B58775F7D539C7C67 /* [CP] Embed Pods Frameworks */,
				D0DB2721500967631E36C4F0 /* [CP] Copy Pods Resources */,
			);
			buildRules = (
			);
			dependencies = (
				14924CBC1D319C2500E42676 /* PBXTargetDependency */,
			);
			name = vuepalTests;
			productName = photopizzaTests;
			productReference = 14924CBA1D319C2500E42676 /* vuepal.xctest */;
			productType = "com.apple.product-type.bundle.unit-test";
		};
/* End PBXNativeTarget section */

/* Begin PBXProject section */
		14924C9E1D319C2500E42676 /* Project object */ = {
			isa = PBXProject;
			attributes = {
				LastSwiftUpdateCheck = 0730;
				LastUpgradeCheck = 0730;
				ORGANIZATIONNAME = "Gary Cheng";
				TargetAttributes = {
					14924CA51D319C2500E42676 = {
						CreatedOnToolsVersion = 7.3.1;
						DevelopmentTeam = DXS3KG7X7T;
					};
					14924CB91D319C2500E42676 = {
						CreatedOnToolsVersion = 7.3.1;
						TestTargetID = 14924CA51D319C2500E42676;
					};
				};
			};
			buildConfigurationList = 14924CA11D319C2500E42676 /* Build configuration list for PBXProject "vuepal" */;
			compatibilityVersion = "Xcode 3.2";
			developmentRegion = English;
			hasScannedForEncodings = 0;
			knownRegions = (
				en,
				Base,
			);
			mainGroup = 14924C9D1D319C2500E42676;
			productRefGroup = 14924CA71D319C2500E42676 /* Products */;
			projectDirPath = "";
			projectRoot = "";
			targets = (
				14924CA51D319C2500E42676 /* vuepal */,
				14924CB91D319C2500E42676 /* vuepalTests */,
			);
		};
/* End PBXProject section */

/* Begin PBXResourcesBuildPhase section */
		14924CA41D319C2500E42676 /* Resources */ = {
			isa = PBXResourcesBuildPhase;
			buildActionMask = 2147483647;
			files = (
				14924CB41D319C2500E42676 /* LaunchScreen.storyboard in Resources */,
				145136B91D34191D00CD786F /* GoogleService-Info.plist in Resources */,
				12FAC6E41D3BA9FD007C8AD1 /* AutocompleteTextfieldSwift in Resources */,
				14924CB11D319C2500E42676 /* Assets.xcassets in Resources */,
				14924CAF1D319C2500E42676 /* Main.storyboard in Resources */,
			);
			runOnlyForDeploymentPostprocessing = 0;
		};
		14924CB81D319C2500E42676 /* Resources */ = {
			isa = PBXResourcesBuildPhase;
			buildActionMask = 2147483647;
			files = (
			);
			runOnlyForDeploymentPostprocessing = 0;
		};
/* End PBXResourcesBuildPhase section */

/* Begin PBXShellScriptBuildPhase section */
		1EAB7D26566FD9DE6F0E7F3C /* [CP] Embed Pods Frameworks */ = {
			isa = PBXShellScriptBuildPhase;
			buildActionMask = 2147483647;
			files = (
			);
			inputPaths = (
			);
			name = "[CP] Embed Pods Frameworks";
			outputPaths = (
			);
			runOnlyForDeploymentPostprocessing = 0;
			shellPath = /bin/sh;
			shellScript = "\"${SRCROOT}/Pods/Target Support Files/Pods-vuepal/Pods-vuepal-frameworks.sh\"\n";
			showEnvVarsInLog = 0;
		};
		4836A79ED2C87D03ABFE601A /* [CP] Check Pods Manifest.lock */ = {
			isa = PBXShellScriptBuildPhase;
			buildActionMask = 2147483647;
			files = (
			);
			inputPaths = (
			);
			name = "[CP] Check Pods Manifest.lock";
			outputPaths = (
			);
			runOnlyForDeploymentPostprocessing = 0;
			shellPath = /bin/sh;
			shellScript = "diff \"${PODS_ROOT}/../Podfile.lock\" \"${PODS_ROOT}/Manifest.lock\" > /dev/null\nif [[ $? != 0 ]] ; then\n    cat << EOM\nerror: The sandbox is not in sync with the Podfile.lock. Run 'pod install' or update your CocoaPods installation.\nEOM\n    exit 1\nfi\n";
			showEnvVarsInLog = 0;
		};
		4F1F4CD3726751099A08670C /* [CP] Copy Pods Resources */ = {
			isa = PBXShellScriptBuildPhase;
			buildActionMask = 2147483647;
			files = (
			);
			inputPaths = (
			);
			name = "[CP] Copy Pods Resources";
			outputPaths = (
			);
			runOnlyForDeploymentPostprocessing = 0;
			shellPath = /bin/sh;
			shellScript = "\"${SRCROOT}/Pods/Target Support Files/Pods-vuepal/Pods-vuepal-resources.sh\"\n";
			showEnvVarsInLog = 0;
		};
		781A3E5B58775F7D539C7C67 /* [CP] Embed Pods Frameworks */ = {
			isa = PBXShellScriptBuildPhase;
			buildActionMask = 2147483647;
			files = (
			);
			inputPaths = (
			);
			name = "[CP] Embed Pods Frameworks";
			outputPaths = (
			);
			runOnlyForDeploymentPostprocessing = 0;
			shellPath = /bin/sh;
			shellScript = "\"${SRCROOT}/Pods/Target Support Files/Pods-vuepalTests/Pods-vuepalTests-frameworks.sh\"\n";
			showEnvVarsInLog = 0;
		};
		D0DB2721500967631E36C4F0 /* [CP] Copy Pods Resources */ = {
			isa = PBXShellScriptBuildPhase;
			buildActionMask = 2147483647;
			files = (
			);
			inputPaths = (
			);
			name = "[CP] Copy Pods Resources";
			outputPaths = (
			);
			runOnlyForDeploymentPostprocessing = 0;
			shellPath = /bin/sh;
			shellScript = "\"${SRCROOT}/Pods/Target Support Files/Pods-vuepalTests/Pods-vuepalTests-resources.sh\"\n";
			showEnvVarsInLog = 0;
		};
		F028A983360AC2295DDDC5E1 /* [CP] Check Pods Manifest.lock */ = {
			isa = PBXShellScriptBuildPhase;
			buildActionMask = 2147483647;
			files = (
			);
			inputPaths = (
			);
			name = "[CP] Check Pods Manifest.lock";
			outputPaths = (
			);
			runOnlyForDeploymentPostprocessing = 0;
			shellPath = /bin/sh;
			shellScript = "diff \"${PODS_ROOT}/../Podfile.lock\" \"${PODS_ROOT}/Manifest.lock\" > /dev/null\nif [[ $? != 0 ]] ; then\n    cat << EOM\nerror: The sandbox is not in sync with the Podfile.lock. Run 'pod install' or update your CocoaPods installation.\nEOM\n    exit 1\nfi\n";
			showEnvVarsInLog = 0;
		};
/* End PBXShellScriptBuildPhase section */

/* Begin PBXSourcesBuildPhase section */
		14924CA21D319C2500E42676 /* Sources */ = {
			isa = PBXSourcesBuildPhase;
			buildActionMask = 2147483647;
			files = (
				12D9F8081D36A4DB00503CEE /* GroupTableViewCell.swift in Sources */,
				12FAC6E21D39370E007C8AD1 /* utils.swift in Sources */,
				12D9F80A1D36A5B300503CEE /* GroupTableViewController.swift in Sources */,
				12FAC6E61D3BB9E9007C8AD1 /* AddGroupMembersTableViewController.swift in Sources */,
				12FAC6E81D3BCC6C007C8AD1 /* AddGroupMembersTableViewCell.swift in Sources */,
				145136B31D33AD8600CD786F /* AddMembsViewController.swift in Sources */,
				145136AF1D328BC300CD786F /* MakeGroupOneViewController.swift in Sources */,
				14924CAC1D319C2500E42676 /* ViewController.swift in Sources */,
				145136C11D352BCF00CD786F /* PicStreamCollectionViewController.swift in Sources */,
				145136C31D35503300CD786F /* ImageCollectionViewCell.swift in Sources */,
				14924CAA1D319C2500E42676 /* AppDelegate.swift in Sources */,
				14AD39651D380BA200ECC9BE /* User.swift in Sources */,
				145136B11D33964D00CD786F /* Group.swift in Sources */,
			);
			runOnlyForDeploymentPostprocessing = 0;
		};
		14924CB61D319C2500E42676 /* Sources */ = {
			isa = PBXSourcesBuildPhase;
			buildActionMask = 2147483647;
			files = (
				14924CBF1D319C2500E42676 /* photopizzaTests.swift in Sources */,
			);
			runOnlyForDeploymentPostprocessing = 0;
		};
/* End PBXSourcesBuildPhase section */

/* Begin PBXTargetDependency section */
		14924CBC1D319C2500E42676 /* PBXTargetDependency */ = {
			isa = PBXTargetDependency;
			target = 14924CA51D319C2500E42676 /* vuepal */;
			targetProxy = 14924CBB1D319C2500E42676 /* PBXContainerItemProxy */;
		};
/* End PBXTargetDependency section */

/* Begin PBXVariantGroup section */
		14924CAD1D319C2500E42676 /* Main.storyboard */ = {
			isa = PBXVariantGroup;
			children = (
				14924CAE1D319C2500E42676 /* Base */,
			);
			name = Main.storyboard;
			sourceTree = "<group>";
		};
		14924CB21D319C2500E42676 /* LaunchScreen.storyboard */ = {
			isa = PBXVariantGroup;
			children = (
				14924CB31D319C2500E42676 /* Base */,
			);
			name = LaunchScreen.storyboard;
			sourceTree = "<group>";
		};
/* End PBXVariantGroup section */

/* Begin XCBuildConfiguration section */
		14924CC11D319C2500E42676 /* Debug */ = {
			isa = XCBuildConfiguration;
			buildSettings = {
				ALWAYS_SEARCH_USER_PATHS = NO;
				CLANG_ANALYZER_NONNULL = YES;
				CLANG_CXX_LANGUAGE_STANDARD = "gnu++0x";
				CLANG_CXX_LIBRARY = "libc++";
				CLANG_ENABLE_MODULES = YES;
				CLANG_ENABLE_OBJC_ARC = YES;
				CLANG_WARN_BOOL_CONVERSION = YES;
				CLANG_WARN_CONSTANT_CONVERSION = YES;
				CLANG_WARN_DIRECT_OBJC_ISA_USAGE = YES_ERROR;
				CLANG_WARN_EMPTY_BODY = YES;
				CLANG_WARN_ENUM_CONVERSION = YES;
				CLANG_WARN_INT_CONVERSION = YES;
				CLANG_WARN_OBJC_ROOT_CLASS = YES_ERROR;
				CLANG_WARN_UNREACHABLE_CODE = YES;
				CLANG_WARN__DUPLICATE_METHOD_MATCH = YES;
				"CODE_SIGN_IDENTITY[sdk=iphoneos*]" = "iPhone Developer";
				COPY_PHASE_STRIP = NO;
				DEBUG_INFORMATION_FORMAT = dwarf;
				ENABLE_STRICT_OBJC_MSGSEND = YES;
				ENABLE_TESTABILITY = YES;
				GCC_C_LANGUAGE_STANDARD = gnu99;
				GCC_DYNAMIC_NO_PIC = NO;
				GCC_NO_COMMON_BLOCKS = YES;
				GCC_OPTIMIZATION_LEVEL = 0;
				GCC_PREPROCESSOR_DEFINITIONS = (
					"DEBUG=1",
					"$(inherited)",
				);
				GCC_WARN_64_TO_32_BIT_CONVERSION = YES;
				GCC_WARN_ABOUT_RETURN_TYPE = YES_ERROR;
				GCC_WARN_UNDECLARED_SELECTOR = YES;
				GCC_WARN_UNINITIALIZED_AUTOS = YES_AGGRESSIVE;
				GCC_WARN_UNUSED_FUNCTION = YES;
				GCC_WARN_UNUSED_VARIABLE = YES;
				IPHONEOS_DEPLOYMENT_TARGET = 9.3;
				MTL_ENABLE_DEBUG_INFO = YES;
				ONLY_ACTIVE_ARCH = YES;
				SDKROOT = iphoneos;
				SWIFT_OPTIMIZATION_LEVEL = "-Onone";
				TARGETED_DEVICE_FAMILY = "1,2";
			};
			name = Debug;
		};
		14924CC21D319C2500E42676 /* Release */ = {
			isa = XCBuildConfiguration;
			buildSettings = {
				ALWAYS_SEARCH_USER_PATHS = NO;
				CLANG_ANALYZER_NONNULL = YES;
				CLANG_CXX_LANGUAGE_STANDARD = "gnu++0x";
				CLANG_CXX_LIBRARY = "libc++";
				CLANG_ENABLE_MODULES = YES;
				CLANG_ENABLE_OBJC_ARC = YES;
				CLANG_WARN_BOOL_CONVERSION = YES;
				CLANG_WARN_CONSTANT_CONVERSION = YES;
				CLANG_WARN_DIRECT_OBJC_ISA_USAGE = YES_ERROR;
				CLANG_WARN_EMPTY_BODY = YES;
				CLANG_WARN_ENUM_CONVERSION = YES;
				CLANG_WARN_INT_CONVERSION = YES;
				CLANG_WARN_OBJC_ROOT_CLASS = YES_ERROR;
				CLANG_WARN_UNREACHABLE_CODE = YES;
				CLANG_WARN__DUPLICATE_METHOD_MATCH = YES;
				"CODE_SIGN_IDENTITY[sdk=iphoneos*]" = "iPhone Developer";
				COPY_PHASE_STRIP = NO;
				DEBUG_INFORMATION_FORMAT = "dwarf-with-dsym";
				ENABLE_NS_ASSERTIONS = NO;
				ENABLE_STRICT_OBJC_MSGSEND = YES;
				GCC_C_LANGUAGE_STANDARD = gnu99;
				GCC_NO_COMMON_BLOCKS = YES;
				GCC_WARN_64_TO_32_BIT_CONVERSION = YES;
				GCC_WARN_ABOUT_RETURN_TYPE = YES_ERROR;
				GCC_WARN_UNDECLARED_SELECTOR = YES;
				GCC_WARN_UNINITIALIZED_AUTOS = YES_AGGRESSIVE;
				GCC_WARN_UNUSED_FUNCTION = YES;
				GCC_WARN_UNUSED_VARIABLE = YES;
				IPHONEOS_DEPLOYMENT_TARGET = 9.3;
				MTL_ENABLE_DEBUG_INFO = NO;
				SDKROOT = iphoneos;
				TARGETED_DEVICE_FAMILY = "1,2";
				VALIDATE_PRODUCT = YES;
			};
			name = Release;
		};
		14924CC41D319C2500E42676 /* Debug */ = {
			isa = XCBuildConfiguration;
			baseConfigurationReference = BE472D8F13D87588878C5992 /* Pods-vuepal.debug.xcconfig */;
			buildSettings = {
				ASSETCATALOG_COMPILER_APPICON_NAME = AppIcon;
				CLANG_ENABLE_MODULES = YES;
				CODE_SIGN_IDENTITY = "iPhone Developer";
				"CODE_SIGN_IDENTITY[sdk=iphoneos*]" = "iPhone Developer";
				INFOPLIST_FILE = photopizza/Info.plist;
				IPHONEOS_DEPLOYMENT_TARGET = 9.2;
				LD_RUNPATH_SEARCH_PATHS = "$(inherited) @executable_path/Frameworks";
				PRODUCT_BUNDLE_IDENTIFIER = me.garycheng.vuepal;
				PRODUCT_NAME = vuepal;
				PROVISIONING_PROFILE = "";
				SWIFT_OBJC_BRIDGING_HEADER = "photopizza/photopizza-Bridging-Header.h";
				SWIFT_OPTIMIZATION_LEVEL = "-Onone";
			};
			name = Debug;
		};
		14924CC51D319C2500E42676 /* Release */ = {
			isa = XCBuildConfiguration;
			baseConfigurationReference = BBC70CB21B0541B8866D47F1 /* Pods-vuepal.release.xcconfig */;
			buildSettings = {
				ASSETCATALOG_COMPILER_APPICON_NAME = AppIcon;
				CLANG_ENABLE_MODULES = YES;
				CODE_SIGN_IDENTITY = "iPhone Developer";
				"CODE_SIGN_IDENTITY[sdk=iphoneos*]" = "iPhone Developer";
				INFOPLIST_FILE = photopizza/Info.plist;
				IPHONEOS_DEPLOYMENT_TARGET = 9.2;
				LD_RUNPATH_SEARCH_PATHS = "$(inherited) @executable_path/Frameworks";
				PRODUCT_BUNDLE_IDENTIFIER = me.garycheng.vuepal;
				PRODUCT_NAME = vuepal;
				PROVISIONING_PROFILE = "";
				SWIFT_OBJC_BRIDGING_HEADER = "photopizza/photopizza-Bridging-Header.h";
			};
			name = Release;
		};
		14924CC71D319C2500E42676 /* Debug */ = {
			isa = XCBuildConfiguration;
			baseConfigurationReference = C1EE42B1ACD01DF20C7FF57C /* Pods-vuepalTests.debug.xcconfig */;
			buildSettings = {
				BUNDLE_LOADER = "$(TEST_HOST)";
				INFOPLIST_FILE = photopizzaTests/Info.plist;
				LD_RUNPATH_SEARCH_PATHS = "$(inherited) @executable_path/Frameworks @loader_path/Frameworks";
				PRODUCT_BUNDLE_IDENTIFIER = me.garycheng.photopizzaTests;
				PRODUCT_NAME = vuepal;
				TEST_HOST = "$(BUILT_PRODUCTS_DIR)/vuepal.app/vuepal";
			};
			name = Debug;
		};
		14924CC81D319C2500E42676 /* Release */ = {
			isa = XCBuildConfiguration;
			baseConfigurationReference = E8988D4D4D2B05AF9D804012 /* Pods-vuepalTests.release.xcconfig */;
			buildSettings = {
				BUNDLE_LOADER = "$(TEST_HOST)";
				INFOPLIST_FILE = photopizzaTests/Info.plist;
				LD_RUNPATH_SEARCH_PATHS = "$(inherited) @executable_path/Frameworks @loader_path/Frameworks";
				PRODUCT_BUNDLE_IDENTIFIER = me.garycheng.photopizzaTests;
				PRODUCT_NAME = vuepal;
				TEST_HOST = "$(BUILT_PRODUCTS_DIR)/vuepal.app/vuepal";
			};
			name = Release;
		};
/* End XCBuildConfiguration section */

/* Begin XCConfigurationList section */
		14924CA11D319C2500E42676 /* Build configuration list for PBXProject "vuepal" */ = {
			isa = XCConfigurationList;
			buildConfigurations = (
				14924CC11D319C2500E42676 /* Debug */,
				14924CC21D319C2500E42676 /* Release */,
			);
			defaultConfigurationIsVisible = 0;
			defaultConfigurationName = Release;
		};
		14924CC31D319C2500E42676 /* Build configuration list for PBXNativeTarget "vuepal" */ = {
			isa = XCConfigurationList;
			buildConfigurations = (
				14924CC41D319C2500E42676 /* Debug */,
				14924CC51D319C2500E42676 /* Release */,
			);
			defaultConfigurationIsVisible = 0;
			defaultConfigurationName = Release;
		};
		14924CC61D319C2500E42676 /* Build configuration list for PBXNativeTarget "vuepalTests" */ = {
			isa = XCConfigurationList;
			buildConfigurations = (
				14924CC71D319C2500E42676 /* Debug */,
				14924CC81D319C2500E42676 /* Release */,
			);
			defaultConfigurationIsVisible = 0;
			defaultConfigurationName = Release;
		};
/* End XCConfigurationList section */
	};
	rootObject = 14924C9E1D319C2500E42676 /* Project object */;
}
